
Microsoft Visual Studio Solution File, Format Version 12.00
# Visual Studio Version 16
VisualStudioVersion = 16.0.28803.452
MinimumVisualStudioVersion = 10.0.40219.1
Project("{9A19103F-16F7-4668-BE54-9A1E7A4F7556}") = "PhxGauging.Common", "PhxGauging.Common\PhxGauging.Common.csproj", "{8172B8C0-66DE-4060-A2FE-30D42C5B8479}"
EndProject
Project("{9A19103F-16F7-4668-BE54-9A1E7A4F7556}") = "PhxGauging.Common.Devices", "PhxGauging.Common.Devices\PhxGauging.Common.Devices.csproj", "{2D4720AD-C5B5-43EA-9DC4-B828937F2CAC}"
EndProject
Project("{FAE04EC0-301F-11D3-BF4B-00C04F79EFBC}") = "PhxGauging.Common.Android", "PhxGauging.Common.Android\PhxGauging.Common.Android.csproj", "{EF74F759-2253-4E99-B48F-BA724CDEF931}"
EndProject
Project("{2150E333-8FDC-42A3-9474-1A3956D46DE8}") = "Common", "Common", "{18ED385F-26E9-4B21-AC9E-1F8FD750F3C8}"
EndProject
Project("{FAE04EC0-301F-11D3-BF4B-00C04F79EFBC}") = "PhxGaugingAndroid", "PhxGaugingAndroid\PhxGaugingAndroid.csproj", "{09BE46ED-1102-43C4-96F4-BF8F336894BA}"
EndProject
Project("{9A19103F-16F7-4668-BE54-9A1E7A4F7556}") = "ExcelDataReader", "ExcelDataReader\ExcelDataReader.csproj", "{3C397FE6-5BAC-4D00-B869-A2D9A9C920AE}"
EndProject
Project("{9A19103F-16F7-4668-BE54-9A1E7A4F7556}") = "ExcelDataReader.DataSet", "ExcelDataReader.DataSet\ExcelDataReader.DataSet.csproj", "{53D9E352-F3AA-44C5-8AD1-6A91CF5F1350}"
EndProject
Project("{FAE04EC0-301F-11D3-BF4B-00C04F79EFBC}") = "SignaturePad.Android", "SignaturePad.Android\SignaturePad.Android.csproj", "{7453B266-70A4-45E9-9DAF-0C4DA45CDE24}"
EndProject
Global
	GlobalSection(SolutionConfigurationPlatforms) = preSolution
		Debug|Any CPU = Debug|Any CPU
		Release|Any CPU = Release|Any CPU
	EndGlobalSection
	GlobalSection(ProjectConfigurationPlatforms) = postSolution
		{8172B8C0-66DE-4060-A2FE-30D42C5B8479}.Debug|Any CPU.ActiveCfg = Debug|Any CPU
		{8172B8C0-66DE-4060-A2FE-30D42C5B8479}.Debug|Any CPU.Build.0 = Debug|Any CPU
		{8172B8C0-66DE-4060-A2FE-30D42C5B8479}.Release|Any CPU.ActiveCfg = Release|Any CPU
		{8172B8C0-66DE-4060-A2FE-30D42C5B8479}.Release|Any CPU.Build.0 = Release|Any CPU
		{2D4720AD-C5B5-43EA-9DC4-B828937F2CAC}.Debug|Any CPU.ActiveCfg = Debug|Any CPU
		{2D4720AD-C5B5-43EA-9DC4-B828937F2CAC}.Debug|Any CPU.Build.0 = Debug|Any CPU
		{2D4720AD-C5B5-43EA-9DC4-B828937F2CAC}.Release|Any CPU.ActiveCfg = Release|Any CPU
		{2D4720AD-C5B5-43EA-9DC4-B828937F2CAC}.Release|Any CPU.Build.0 = Release|Any CPU
		{EF74F759-2253-4E99-B48F-BA724CDEF931}.Debug|Any CPU.ActiveCfg = Debug|Any CPU
		{EF74F759-2253-4E99-B48F-BA724CDEF931}.Debug|Any CPU.Build.0 = Debug|Any CPU
		{EF74F759-2253-4E99-B48F-BA724CDEF931}.Release|Any CPU.ActiveCfg = Release|Any CPU
		{EF74F759-2253-4E99-B48F-BA724CDEF931}.Release|Any CPU.Build.0 = Release|Any CPU
		{09BE46ED-1102-43C4-96F4-BF8F336894BA}.Debug|Any CPU.ActiveCfg = Debug|Any CPU
		{09BE46ED-1102-43C4-96F4-BF8F336894BA}.Debug|Any CPU.Build.0 = Debug|Any CPU
		{09BE46ED-1102-43C4-96F4-BF8F336894BA}.Debug|Any CPU.Deploy.0 = Debug|Any CPU
		{09BE46ED-1102-43C4-96F4-BF8F336894BA}.Release|Any CPU.ActiveCfg = Release|Any CPU
		{09BE46ED-1102-43C4-96F4-BF8F336894BA}.Release|Any CPU.Build.0 = Release|Any CPU
		{09BE46ED-1102-43C4-96F4-BF8F336894BA}.Release|Any CPU.Deploy.0 = Release|Any CPU
		{3C397FE6-5BAC-4D00-B869-A2D9A9C920AE}.Debug|Any CPU.ActiveCfg = Debug|Any CPU
		{3C397FE6-5BAC-4D00-B869-A2D9A9C920AE}.Debug|Any CPU.Build.0 = Debug|Any CPU
		{3C397FE6-5BAC-4D00-B869-A2D9A9C920AE}.Release|Any CPU.ActiveCfg = Release|Any CPU
		{3C397FE6-5BAC-4D00-B869-A2D9A9C920AE}.Release|Any CPU.Build.0 = Release|Any CPU
		{53D9E352-F3AA-44C5-8AD1-6A91CF5F1350}.Debug|Any CPU.ActiveCfg = Debug|Any CPU
		{53D9E352-F3AA-44C5-8AD1-6A91CF5F1350}.Debug|Any CPU.Build.0 = Debug|Any CPU
		{53D9E352-F3AA-44C5-8AD1-6A91CF5F1350}.Release|Any CPU.ActiveCfg = Release|Any CPU
		{53D9E352-F3AA-44C5-8AD1-6A91CF5F1350}.Release|Any CPU.Build.0 = Release|Any CPU
		{7453B266-70A4-45E9-9DAF-0C4DA45CDE24}.Debug|Any CPU.ActiveCfg = Debug|Any CPU
		{7453B266-70A4-45E9-9DAF-0C4DA45CDE24}.Debug|Any CPU.Build.0 = Debug|Any CPU
		{7453B266-70A4-45E9-9DAF-0C4DA45CDE24}.Release|Any CPU.ActiveCfg = Release|Any CPU
		{7453B266-70A4-45E9-9DAF-0C4DA45CDE24}.Release|Any CPU.Build.0 = Release|Any CPU
	EndGlobalSection
	GlobalSection(SolutionProperties) = preSolution
		HideSolutionNode = FALSE
	EndGlobalSection
	GlobalSection(NestedProjects) = preSolution
		{8172B8C0-66DE-4060-A2FE-30D42C5B8479} = {18ED385F-26E9-4B21-AC9E-1F8FD750F3C8}
		{2D4720AD-C5B5-43EA-9DC4-B828937F2CAC} = {18ED385F-26E9-4B21-AC9E-1F8FD750F3C8}
		{EF74F759-2253-4E99-B48F-BA724CDEF931} = {18ED385F-26E9-4B21-AC9E-1F8FD750F3C8}
		{3C397FE6-5BAC-4D00-B869-A2D9A9C920AE} = {18ED385F-26E9-4B21-AC9E-1F8FD750F3C8}
		{53D9E352-F3AA-44C5-8AD1-6A91CF5F1350} = {18ED385F-26E9-4B21-AC9E-1F8FD750F3C8}
	EndGlobalSection
	GlobalSection(ExtensibilityGlobals) = postSolution
		SolutionGuid = {87253E1A-393E-4F41-BC97-48A991FE3F98}
	EndGlobalSection
	GlobalSection(TeamFoundationVersionControl) = preSolution
		SccNumberOfProjects = 8
		SccEnterpriseProvider = {4CA58AB2-18FA-4F8D-95D4-32DDF27D184C}
		SccTeamFoundationServer = http://ghd-pc:8080/tfs/defaultcollection
		SccLocalPath0 = .
		SccProjectUniqueName1 = PhxGauging.Common.Android\\PhxGauging.Common.Android.csproj
		SccProjectTopLevelParentUniqueName1 = PhxGaugingV6.sln
		SccProjectName1 = PhxGauging.Common.Android
		SccLocalPath1 = PhxGauging.Common.Android
		SccProjectUniqueName2 = PhxGauging.Common.Devices\\PhxGauging.Common.Devices.csproj
		SccProjectTopLevelParentUniqueName2 = PhxGaugingV6.sln
		SccProjectName2 = PhxGauging.Common.Devices
		SccLocalPath2 = PhxGauging.Common.Devices
		SccProjectUniqueName3 = PhxGauging.Common\\PhxGauging.Common.csproj
		SccProjectTopLevelParentUniqueName3 = PhxGaugingV6.sln
		SccProjectName3 = PhxGauging.Common
		SccLocalPath3 = PhxGauging.Common
		SccProjectUniqueName4 = PhxGaugingAndroid\\PhxGaugingAndroid.csproj
		SccProjectName4 = PhxGaugingAndroid
		SccLocalPath4 = PhxGaugingAndroid
		SccProjectUniqueName5 = ExcelDataReader\\ExcelDataReader.csproj
		SccProjectTopLevelParentUniqueName5 = PhxGaugingV6.sln
		SccProjectName5 = ExcelDataReader
		SccLocalPath5 = ExcelDataReader
		SccProjectUniqueName6 = ExcelDataReader.DataSet\\ExcelDataReader.DataSet.csproj
		SccProjectTopLevelParentUniqueName6 = PhxGaugingV6.sln
		SccProjectName6 = ExcelDataReader.DataSet
		SccLocalPath6 = ExcelDataReader.DataSet
		SccProjectUniqueName7 = SignaturePad.Android\\SignaturePad.Android.csproj
		SccProjectName7 = SignaturePad.Android
		SccLocalPath7 = SignaturePad.Android
	EndGlobalSection
EndGlobal
